// !$*UTF8*$!
{
	archiveVersion = 1;
	classes = {
	};
	objectVersion = 56;
	objects = {

/* Begin PBXBuildFile section */
		D114607F2AE9923D006CE93A /* GoogleService-Info.plist in Resources */ = {isa = PBXBuildFile; fileRef = D114607E2AE9923D006CE93A /* GoogleService-Info.plist */; };
		D1848BC32AE82935000433DE /* FirebaseDemoApp.swift in Sources */ = {isa = PBXBuildFile; fileRef = D1848BC22AE82935000433DE /* FirebaseDemoApp.swift */; };
		D1848BC52AE82935000433DE /* ContentView.swift in Sources */ = {isa = PBXBuildFile; fileRef = D1848BC42AE82935000433DE /* ContentView.swift */; };
		D1848BC72AE8293C000433DE /* Assets.xcassets in Resources */ = {isa = PBXBuildFile; fileRef = D1848BC62AE8293C000433DE /* Assets.xcassets */; };
		D1848BCA2AE8293C000433DE /* Preview Assets.xcassets in Resources */ = {isa = PBXBuildFile; fileRef = D1848BC92AE8293C000433DE /* Preview Assets.xcassets */; };
		D1848BD22AE82966000433DE /* Appointment.swift in Sources */ = {isa = PBXBuildFile; fileRef = D1848BD12AE82966000433DE /* Appointment.swift */; };
		D1848BD52AE82A3A000433DE /* FirebaseAnalytics in Frameworks */ = {isa = PBXBuildFile; productRef = D1848BD42AE82A3A000433DE /* FirebaseAnalytics */; };
		D1848BD72AE82A3A000433DE /* FirebaseAnalyticsOnDeviceConversion in Frameworks */ = {isa = PBXBuildFile; productRef = D1848BD62AE82A3A000433DE /* FirebaseAnalyticsOnDeviceConversion */; };
		D1848BD92AE82A3A000433DE /* FirebaseAnalyticsSwift in Frameworks */ = {isa = PBXBuildFile; productRef = D1848BD82AE82A3A000433DE /* FirebaseAnalyticsSwift */; };
		D1848BDB2AE82A3A000433DE /* FirebaseAnalyticsWithoutAdIdSupport in Frameworks */ = {isa = PBXBuildFile; productRef = D1848BDA2AE82A3A000433DE /* FirebaseAnalyticsWithoutAdIdSupport */; };
		D1848BDD2AE82A3A000433DE /* FirebaseAppCheck in Frameworks */ = {isa = PBXBuildFile; productRef = D1848BDC2AE82A3A000433DE /* FirebaseAppCheck */; };
		D1848BDF2AE82A3A000433DE /* FirebaseAppDistribution-Beta in Frameworks */ = {isa = PBXBuildFile; productRef = D1848BDE2AE82A3A000433DE /* FirebaseAppDistribution-Beta */; };
		D1848BE12AE82A3A000433DE /* FirebaseAuth in Frameworks */ = {isa = PBXBuildFile; productRef = D1848BE02AE82A3A000433DE /* FirebaseAuth */; };
		D1848BE32AE82A3A000433DE /* FirebaseAuthCombine-Community in Frameworks */ = {isa = PBXBuildFile; productRef = D1848BE22AE82A3A000433DE /* FirebaseAuthCombine-Community */; };
		D1848BE52AE82A3A000433DE /* FirebaseCrashlytics in Frameworks */ = {isa = PBXBuildFile; productRef = D1848BE42AE82A3A000433DE /* FirebaseCrashlytics */; };
		D1848BE72AE82A3A000433DE /* FirebaseDatabase in Frameworks */ = {isa = PBXBuildFile; productRef = D1848BE62AE82A3A000433DE /* FirebaseDatabase */; };
		D1848BE92AE82A3A000433DE /* FirebaseDatabaseSwift in Frameworks */ = {isa = PBXBuildFile; productRef = D1848BE82AE82A3A000433DE /* FirebaseDatabaseSwift */; };
		D1848BEB2AE82A3A000433DE /* FirebaseDynamicLinks in Frameworks */ = {isa = PBXBuildFile; productRef = D1848BEA2AE82A3A000433DE /* FirebaseDynamicLinks */; };
		D1848BED2AE82A3A000433DE /* FirebaseFirestore in Frameworks */ = {isa = PBXBuildFile; productRef = D1848BEC2AE82A3A000433DE /* FirebaseFirestore */; };
		D1848BEF2AE82A3A000433DE /* FirebaseFirestoreCombine-Community in Frameworks */ = {isa = PBXBuildFile; productRef = D1848BEE2AE82A3A000433DE /* FirebaseFirestoreCombine-Community */; };
		D1848BF12AE82A3A000433DE /* FirebaseFirestoreSwift in Frameworks */ = {isa = PBXBuildFile; productRef = D1848BF02AE82A3A000433DE /* FirebaseFirestoreSwift */; };
		D1848BF32AE82A3A000433DE /* FirebaseFunctions in Frameworks */ = {isa = PBXBuildFile; productRef = D1848BF22AE82A3A000433DE /* FirebaseFunctions */; };
		D1848BF52AE82A3A000433DE /* FirebaseFunctionsCombine-Community in Frameworks */ = {isa = PBXBuildFile; productRef = D1848BF42AE82A3A000433DE /* FirebaseFunctionsCombine-Community */; };
		D1848BF72AE82A3A000433DE /* FirebaseInAppMessaging-Beta in Frameworks */ = {isa = PBXBuildFile; productRef = D1848BF62AE82A3A000433DE /* FirebaseInAppMessaging-Beta */; };
		D1848BF92AE82A3A000433DE /* FirebaseInAppMessagingSwift-Beta in Frameworks */ = {isa = PBXBuildFile; productRef = D1848BF82AE82A3A000433DE /* FirebaseInAppMessagingSwift-Beta */; };
		D1848BFB2AE82A3A000433DE /* FirebaseInstallations in Frameworks */ = {isa = PBXBuildFile; productRef = D1848BFA2AE82A3A000433DE /* FirebaseInstallations */; };
		D1848BFD2AE82A3A000433DE /* FirebaseMLModelDownloader in Frameworks */ = {isa = PBXBuildFile; productRef = D1848BFC2AE82A3A000433DE /* FirebaseMLModelDownloader */; };
		D1848BFF2AE82A3A000433DE /* FirebaseMessaging in Frameworks */ = {isa = PBXBuildFile; productRef = D1848BFE2AE82A3A000433DE /* FirebaseMessaging */; };
		D1848C012AE82A3A000433DE /* FirebasePerformance in Frameworks */ = {isa = PBXBuildFile; productRef = D1848C002AE82A3A000433DE /* FirebasePerformance */; };
		D1848C032AE82A3A000433DE /* FirebaseRemoteConfig in Frameworks */ = {isa = PBXBuildFile; productRef = D1848C022AE82A3A000433DE /* FirebaseRemoteConfig */; };
		D1848C052AE82A3A000433DE /* FirebaseRemoteConfigSwift in Frameworks */ = {isa = PBXBuildFile; productRef = D1848C042AE82A3A000433DE /* FirebaseRemoteConfigSwift */; };
		D1848C072AE82A3A000433DE /* FirebaseStorage in Frameworks */ = {isa = PBXBuildFile; productRef = D1848C062AE82A3A000433DE /* FirebaseStorage */; };
		D1848C092AE82A3A000433DE /* FirebaseStorageCombine-Community in Frameworks */ = {isa = PBXBuildFile; productRef = D1848C082AE82A3A000433DE /* FirebaseStorageCombine-Community */; };
		D1848C0B2AE82B71000433DE /* AppointmentRepository.swift in Sources */ = {isa = PBXBuildFile; fileRef = D1848C0A2AE82B71000433DE /* AppointmentRepository.swift */; };
		D1848C0F2AE82C46000433DE /* AppointmentViewModel.swift in Sources */ = {isa = PBXBuildFile; fileRef = D1848C0E2AE82C46000433DE /* AppointmentViewModel.swift */; };
		D1848C112AE82CCD000433DE /* AppointmentView.swift in Sources */ = {isa = PBXBuildFile; fileRef = D1848C102AE82CCD000433DE /* AppointmentView.swift */; };
		D1848C162AE8621C000433DE /* AppointmentRowView.swift in Sources */ = {isa = PBXBuildFile; fileRef = D1848C152AE8621C000433DE /* AppointmentRowView.swift */; };
		D1848C182AE8624E000433DE /* AppointmentDetailsView.swift in Sources */ = {isa = PBXBuildFile; fileRef = D1848C172AE8624E000433DE /* AppointmentDetailsView.swift */; };
		D1848C1A2AE863D3000433DE /* AppointmentsViewModel.swift in Sources */ = {isa = PBXBuildFile; fileRef = D1848C192AE863D3000433DE /* AppointmentsViewModel.swift */; };
/* End PBXBuildFile section */

/* Begin PBXFileReference section */
		D114607E2AE9923D006CE93A /* GoogleService-Info.plist */ = {isa = PBXFileReference; fileEncoding = 4; lastKnownFileType = text.plist.xml; path = "GoogleService-Info.plist"; sourceTree = "<group>"; };
		D1848BBF2AE82934000433DE /* FirebaseDemo.app */ = {isa = PBXFileReference; explicitFileType = wrapper.application; includeInIndex = 0; path = FirebaseDemo.app; sourceTree = BUILT_PRODUCTS_DIR; };
		D1848BC22AE82935000433DE /* FirebaseDemoApp.swift */ = {isa = PBXFileReference; lastKnownFileType = sourcecode.swift; path = FirebaseDemoApp.swift; sourceTree = "<group>"; };
		D1848BC42AE82935000433DE /* ContentView.swift */ = {isa = PBXFileReference; lastKnownFileType = sourcecode.swift; path = ContentView.swift; sourceTree = "<group>"; };
		D1848BC62AE8293C000433DE /* Assets.xcassets */ = {isa = PBXFileReference; lastKnownFileType = folder.assetcatalog; path = Assets.xcassets; sourceTree = "<group>"; };
		D1848BC92AE8293C000433DE /* Preview Assets.xcassets */ = {isa = PBXFileReference; lastKnownFileType = folder.assetcatalog; path = "Preview Assets.xcassets"; sourceTree = "<group>"; };
		D1848BD12AE82966000433DE /* Appointment.swift */ = {isa = PBXFileReference; lastKnownFileType = sourcecode.swift; path = Appointment.swift; sourceTree = "<group>"; };
		D1848C0A2AE82B71000433DE /* AppointmentRepository.swift */ = {isa = PBXFileReference; lastKnownFileType = sourcecode.swift; path = AppointmentRepository.swift; sourceTree = "<group>"; };
		D1848C0E2AE82C46000433DE /* AppointmentViewModel.swift */ = {isa = PBXFileReference; lastKnownFileType = sourcecode.swift; path = AppointmentViewModel.swift; sourceTree = "<group>"; };
		D1848C102AE82CCD000433DE /* AppointmentView.swift */ = {isa = PBXFileReference; lastKnownFileType = sourcecode.swift; path = AppointmentView.swift; sourceTree = "<group>"; };
		D1848C152AE8621C000433DE /* AppointmentRowView.swift */ = {isa = PBXFileReference; lastKnownFileType = sourcecode.swift; path = AppointmentRowView.swift; sourceTree = "<group>"; };
		D1848C172AE8624E000433DE /* AppointmentDetailsView.swift */ = {isa = PBXFileReference; lastKnownFileType = sourcecode.swift; path = AppointmentDetailsView.swift; sourceTree = "<group>"; };
		D1848C192AE863D3000433DE /* AppointmentsViewModel.swift */ = {isa = PBXFileReference; lastKnownFileType = sourcecode.swift; path = AppointmentsViewModel.swift; sourceTree = "<group>"; };
/* End PBXFileReference section */

/* Begin PBXFrameworksBuildPhase section */
		D1848BBC2AE82934000433DE /* Frameworks */ = {
			isa = PBXFrameworksBuildPhase;
			buildActionMask = 2147483647;
			files = (
				D1848BE72AE82A3A000433DE /* FirebaseDatabase in Frameworks */,
				D1848BF52AE82A3A000433DE /* FirebaseFunctionsCombine-Community in Frameworks */,
				D1848BED2AE82A3A000433DE /* FirebaseFirestore in Frameworks */,
				D1848BD92AE82A3A000433DE /* FirebaseAnalyticsSwift in Frameworks */,
				D1848BD52AE82A3A000433DE /* FirebaseAnalytics in Frameworks */,
				D1848BD72AE82A3A000433DE /* FirebaseAnalyticsOnDeviceConversion in Frameworks */,
				D1848BFD2AE82A3A000433DE /* FirebaseMLModelDownloader in Frameworks */,
				D1848BF12AE82A3A000433DE /* FirebaseFirestoreSwift in Frameworks */,
				D1848BDD2AE82A3A000433DE /* FirebaseAppCheck in Frameworks */,
				D1848BDB2AE82A3A000433DE /* FirebaseAnalyticsWithoutAdIdSupport in Frameworks */,
				D1848BE12AE82A3A000433DE /* FirebaseAuth in Frameworks */,
				D1848BE52AE82A3A000433DE /* FirebaseCrashlytics in Frameworks */,
				D1848C052AE82A3A000433DE /* FirebaseRemoteConfigSwift in Frameworks */,
				D1848BF72AE82A3A000433DE /* FirebaseInAppMessaging-Beta in Frameworks */,
				D1848BE92AE82A3A000433DE /* FirebaseDatabaseSwift in Frameworks */,
				D1848BF32AE82A3A000433DE /* FirebaseFunctions in Frameworks */,
				D1848C092AE82A3A000433DE /* FirebaseStorageCombine-Community in Frameworks */,
				D1848C032AE82A3A000433DE /* FirebaseRemoteConfig in Frameworks */,
				D1848BDF2AE82A3A000433DE /* FirebaseAppDistribution-Beta in Frameworks */,
				D1848BE32AE82A3A000433DE /* FirebaseAuthCombine-Community in Frameworks */,
				D1848C012AE82A3A000433DE /* FirebasePerformance in Frameworks */,
				D1848BF92AE82A3A000433DE /* FirebaseInAppMessagingSwift-Beta in Frameworks */,
				D1848C072AE82A3A000433DE /* FirebaseStorage in Frameworks */,
				D1848BEB2AE82A3A000433DE /* FirebaseDynamicLinks in Frameworks */,
				D1848BEF2AE82A3A000433DE /* FirebaseFirestoreCombine-Community in Frameworks */,
				D1848BFF2AE82A3A000433DE /* FirebaseMessaging in Frameworks */,
				D1848BFB2AE82A3A000433DE /* FirebaseInstallations in Frameworks */,
			);
			runOnlyForDeploymentPostprocessing = 0;
		};
/* End PBXFrameworksBuildPhase section */

/* Begin PBXGroup section */
		D1848BB62AE82934000433DE = {
			isa = PBXGroup;
			children = (
				D1848BC12AE82935000433DE /* FirebaseDemo */,
				D1848BC02AE82935000433DE /* Products */,
			);
			sourceTree = "<group>";
		};
		D1848BC02AE82935000433DE /* Products */ = {
			isa = PBXGroup;
			children = (
				D1848BBF2AE82934000433DE /* FirebaseDemo.app */,
			);
			name = Products;
			sourceTree = "<group>";
		};
		D1848BC12AE82935000433DE /* FirebaseDemo */ = {
			isa = PBXGroup;
			children = (
				D1848C142AE86207000433DE /* Views */,
				D1848BD02AE82951000433DE /* Models */,
				D1848BC22AE82935000433DE /* FirebaseDemoApp.swift */,
				D1848C0A2AE82B71000433DE /* AppointmentRepository.swift */,
				D1848C0E2AE82C46000433DE /* AppointmentViewModel.swift */,
				D1848C192AE863D3000433DE /* AppointmentsViewModel.swift */,
				D114607E2AE9923D006CE93A /* GoogleService-Info.plist */,
				D1848BC62AE8293C000433DE /* Assets.xcassets */,
				D1848BC82AE8293C000433DE /* Preview Content */,
			);
			path = FirebaseDemo;
			sourceTree = "<group>";
		};
		D1848BC82AE8293C000433DE /* Preview Content */ = {
			isa = PBXGroup;
			children = (
				D1848BC92AE8293C000433DE /* Preview Assets.xcassets */,
			);
			path = "Preview Content";
			sourceTree = "<group>";
		};
		D1848BD02AE82951000433DE /* Models */ = {
			isa = PBXGroup;
			children = (
				D1848BD12AE82966000433DE /* Appointment.swift */,
			);
			path = Models;
			sourceTree = "<group>";
		};
		D1848C142AE86207000433DE /* Views */ = {
			isa = PBXGroup;
			children = (
				D1848BC42AE82935000433DE /* ContentView.swift */,
				D1848C102AE82CCD000433DE /* AppointmentView.swift */,
				D1848C152AE8621C000433DE /* AppointmentRowView.swift */,
				D1848C172AE8624E000433DE /* AppointmentDetailsView.swift */,
			);
			path = Views;
			sourceTree = "<group>";
		};
/* End PBXGroup section */

/* Begin PBXNativeTarget section */
		D1848BBE2AE82934000433DE /* FirebaseDemo */ = {
			isa = PBXNativeTarget;
			buildConfigurationList = D1848BCD2AE8293C000433DE /* Build configuration list for PBXNativeTarget "FirebaseDemo" */;
			buildPhases = (
				D1848BBB2AE82934000433DE /* Sources */,
				D1848BBC2AE82934000433DE /* Frameworks */,
				D1848BBD2AE82934000433DE /* Resources */,
			);
			buildRules = (
			);
			dependencies = (
			);
			name = FirebaseDemo;
			packageProductDependencies = (
				D1848BD42AE82A3A000433DE /* FirebaseAnalytics */,
				D1848BD62AE82A3A000433DE /* FirebaseAnalyticsOnDeviceConversion */,
				D1848BD82AE82A3A000433DE /* FirebaseAnalyticsSwift */,
				D1848BDA2AE82A3A000433DE /* FirebaseAnalyticsWithoutAdIdSupport */,
				D1848BDC2AE82A3A000433DE /* FirebaseAppCheck */,
				D1848BDE2AE82A3A000433DE /* FirebaseAppDistribution-Beta */,
				D1848BE02AE82A3A000433DE /* FirebaseAuth */,
				D1848BE22AE82A3A000433DE /* FirebaseAuthCombine-Community */,
				D1848BE42AE82A3A000433DE /* FirebaseCrashlytics */,
				D1848BE62AE82A3A000433DE /* FirebaseDatabase */,
				D1848BE82AE82A3A000433DE /* FirebaseDatabaseSwift */,
				D1848BEA2AE82A3A000433DE /* FirebaseDynamicLinks */,
				D1848BEC2AE82A3A000433DE /* FirebaseFirestore */,
				D1848BEE2AE82A3A000433DE /* FirebaseFirestoreCombine-Community */,
				D1848BF02AE82A3A000433DE /* FirebaseFirestoreSwift */,
				D1848BF22AE82A3A000433DE /* FirebaseFunctions */,
				D1848BF42AE82A3A000433DE /* FirebaseFunctionsCombine-Community */,
				D1848BF62AE82A3A000433DE /* FirebaseInAppMessaging-Beta */,
				D1848BF82AE82A3A000433DE /* FirebaseInAppMessagingSwift-Beta */,
				D1848BFA2AE82A3A000433DE /* FirebaseInstallations */,
				D1848BFC2AE82A3A000433DE /* FirebaseMLModelDownloader */,
				D1848BFE2AE82A3A000433DE /* FirebaseMessaging */,
				D1848C002AE82A3A000433DE /* FirebasePerformance */,
				D1848C022AE82A3A000433DE /* FirebaseRemoteConfig */,
				D1848C042AE82A3A000433DE /* FirebaseRemoteConfigSwift */,
				D1848C062AE82A3A000433DE /* FirebaseStorage */,
				D1848C082AE82A3A000433DE /* FirebaseStorageCombine-Community */,
			);
			productName = FirebaseDemo;
			productReference = D1848BBF2AE82934000433DE /* FirebaseDemo.app */;
			productType = "com.apple.product-type.application";
		};
/* End PBXNativeTarget section */

/* Begin PBXProject section */
		D1848BB72AE82934000433DE /* Project object */ = {
			isa = PBXProject;
			attributes = {
				BuildIndependentTargetsInParallel = 1;
				LastSwiftUpdateCheck = 1500;
				LastUpgradeCheck = 1500;
				TargetAttributes = {
					D1848BBE2AE82934000433DE = {
						CreatedOnToolsVersion = 15.0.1;
					};
				};
			};
			buildConfigurationList = D1848BBA2AE82934000433DE /* Build configuration list for PBXProject "FirebaseDemo" */;
			compatibilityVersion = "Xcode 14.0";
			developmentRegion = en;
			hasScannedForEncodings = 0;
			knownRegions = (
				en,
				Base,
			);
			mainGroup = D1848BB62AE82934000433DE;
			packageReferences = (
				D1848BD32AE82A3A000433DE /* XCRemoteSwiftPackageReference "firebase-ios-sdk" */,
			);
			productRefGroup = D1848BC02AE82935000433DE /* Products */;
			projectDirPath = "";
			projectRoot = "";
			targets = (
				D1848BBE2AE82934000433DE /* FirebaseDemo */,
			);
		};
/* End PBXProject section */

/* Begin PBXResourcesBuildPhase section */
		D1848BBD2AE82934000433DE /* Resources */ = {
			isa = PBXResourcesBuildPhase;
			buildActionMask = 2147483647;
			files = (
				D1848BCA2AE8293C000433DE /* Preview Assets.xcassets in Resources */,
				D1848BC72AE8293C000433DE /* Assets.xcassets in Resources */,
				D114607F2AE9923D006CE93A /* GoogleService-Info.plist in Resources */,
			);
			runOnlyForDeploymentPostprocessing = 0;
		};
/* End PBXResourcesBuildPhase section */

/* Begin PBXSourcesBuildPhase section */
		D1848BBB2AE82934000433DE /* Sources */ = {
			isa = PBXSourcesBuildPhase;
			buildActionMask = 2147483647;
			files = (
				D1848C182AE8624E000433DE /* AppointmentDetailsView.swift in Sources */,
				D1848C162AE8621C000433DE /* AppointmentRowView.swift in Sources */,
				D1848C1A2AE863D3000433DE /* AppointmentsViewModel.swift in Sources */,
				D1848C0F2AE82C46000433DE /* AppointmentViewModel.swift in Sources */,
				D1848C112AE82CCD000433DE /* AppointmentView.swift in Sources */,
				D1848BC52AE82935000433DE /* ContentView.swift in Sources */,
				D1848BC32AE82935000433DE /* FirebaseDemoApp.swift in Sources */,
				D1848C0B2AE82B71000433DE /* AppointmentRepository.swift in Sources */,
				D1848BD22AE82966000433DE /* Appointment.swift in Sources */,
			);
			runOnlyForDeploymentPostprocessing = 0;
		};
/* End PBXSourcesBuildPhase section */

/* Begin XCBuildConfiguration section */
		D1848BCB2AE8293C000433DE /* Debug */ = {
			isa = XCBuildConfiguration;
			buildSettings = {
				ALWAYS_SEARCH_USER_PATHS = NO;
				ASSETCATALOG_COMPILER_GENERATE_SWIFT_ASSET_SYMBOL_EXTENSIONS = YES;
				CLANG_ANALYZER_NONNULL = YES;
				CLANG_ANALYZER_NUMBER_OBJECT_CONVERSION = YES_AGGRESSIVE;
				CLANG_CXX_LANGUAGE_STANDARD = "gnu++20";
				CLANG_ENABLE_MODULES = YES;
				CLANG_ENABLE_OBJC_ARC = YES;
				CLANG_ENABLE_OBJC_WEAK = YES;
				CLANG_WARN_BLOCK_CAPTURE_AUTORELEASING = YES;
				CLANG_WARN_BOOL_CONVERSION = YES;
				CLANG_WARN_COMMA = YES;
				CLANG_WARN_CONSTANT_CONVERSION = YES;
				CLANG_WARN_DEPRECATED_OBJC_IMPLEMENTATIONS = YES;
				CLANG_WARN_DIRECT_OBJC_ISA_USAGE = YES_ERROR;
				CLANG_WARN_DOCUMENTATION_COMMENTS = YES;
				CLANG_WARN_EMPTY_BODY = YES;
				CLANG_WARN_ENUM_CONVERSION = YES;
				CLANG_WARN_INFINITE_RECURSION = YES;
				CLANG_WARN_INT_CONVERSION = YES;
				CLANG_WARN_NON_LITERAL_NULL_CONVERSION = YES;
				CLANG_WARN_OBJC_IMPLICIT_RETAIN_SELF = YES;
				CLANG_WARN_OBJC_LITERAL_CONVERSION = YES;
				CLANG_WARN_OBJC_ROOT_CLASS = YES_ERROR;
				CLANG_WARN_QUOTED_INCLUDE_IN_FRAMEWORK_HEADER = YES;
				CLANG_WARN_RANGE_LOOP_ANALYSIS = YES;
				CLANG_WARN_STRICT_PROTOTYPES = YES;
				CLANG_WARN_SUSPICIOUS_MOVE = YES;
				CLANG_WARN_UNGUARDED_AVAILABILITY = YES_AGGRESSIVE;
				CLANG_WARN_UNREACHABLE_CODE = YES;
				CLANG_WARN__DUPLICATE_METHOD_MATCH = YES;
				COPY_PHASE_STRIP = NO;
				DEBUG_INFORMATION_FORMAT = dwarf;
				ENABLE_STRICT_OBJC_MSGSEND = YES;
				ENABLE_TESTABILITY = YES;
				ENABLE_USER_SCRIPT_SANDBOXING = YES;
				GCC_C_LANGUAGE_STANDARD = gnu17;
				GCC_DYNAMIC_NO_PIC = NO;
				GCC_NO_COMMON_BLOCKS = YES;
				GCC_OPTIMIZATION_LEVEL = 0;
				GCC_PREPROCESSOR_DEFINITIONS = (
					"DEBUG=1",
					"$(inherited)",
				);
				GCC_WARN_64_TO_32_BIT_CONVERSION = YES;
				GCC_WARN_ABOUT_RETURN_TYPE = YES_ERROR;
				GCC_WARN_UNDECLARED_SELECTOR = YES;
				GCC_WARN_UNINITIALIZED_AUTOS = YES_AGGRESSIVE;
				GCC_WARN_UNUSED_FUNCTION = YES;
				GCC_WARN_UNUSED_VARIABLE = YES;
				IPHONEOS_DEPLOYMENT_TARGET = 17.0;
				LOCALIZATION_PREFERS_STRING_CATALOGS = YES;
				MTL_ENABLE_DEBUG_INFO = INCLUDE_SOURCE;
				MTL_FAST_MATH = YES;
				ONLY_ACTIVE_ARCH = YES;
				SDKROOT = iphoneos;
				SWIFT_ACTIVE_COMPILATION_CONDITIONS = "DEBUG $(inherited)";
				SWIFT_OPTIMIZATION_LEVEL = "-Onone";
			};
			name = Debug;
		};
		D1848BCC2AE8293C000433DE /* Release */ = {
			isa = XCBuildConfiguration;
			buildSettings = {
				ALWAYS_SEARCH_USER_PATHS = NO;
				ASSETCATALOG_COMPILER_GENERATE_SWIFT_ASSET_SYMBOL_EXTENSIONS = YES;
				CLANG_ANALYZER_NONNULL = YES;
				CLANG_ANALYZER_NUMBER_OBJECT_CONVERSION = YES_AGGRESSIVE;
				CLANG_CXX_LANGUAGE_STANDARD = "gnu++20";
				CLANG_ENABLE_MODULES = YES;
				CLANG_ENABLE_OBJC_ARC = YES;
				CLANG_ENABLE_OBJC_WEAK = YES;
				CLANG_WARN_BLOCK_CAPTURE_AUTORELEASING = YES;
				CLANG_WARN_BOOL_CONVERSION = YES;
				CLANG_WARN_COMMA = YES;
				CLANG_WARN_CONSTANT_CONVERSION = YES;
				CLANG_WARN_DEPRECATED_OBJC_IMPLEMENTATIONS = YES;
				CLANG_WARN_DIRECT_OBJC_ISA_USAGE = YES_ERROR;
				CLANG_WARN_DOCUMENTATION_COMMENTS = YES;
				CLANG_WARN_EMPTY_BODY = YES;
				CLANG_WARN_ENUM_CONVERSION = YES;
				CLANG_WARN_INFINITE_RECURSION = YES;
				CLANG_WARN_INT_CONVERSION = YES;
				CLANG_WARN_NON_LITERAL_NULL_CONVERSION = YES;
				CLANG_WARN_OBJC_IMPLICIT_RETAIN_SELF = YES;
				CLANG_WARN_OBJC_LITERAL_CONVERSION = YES;
				CLANG_WARN_OBJC_ROOT_CLASS = YES_ERROR;
				CLANG_WARN_QUOTED_INCLUDE_IN_FRAMEWORK_HEADER = YES;
				CLANG_WARN_RANGE_LOOP_ANALYSIS = YES;
				CLANG_WARN_STRICT_PROTOTYPES = YES;
				CLANG_WARN_SUSPICIOUS_MOVE = YES;
				CLANG_WARN_UNGUARDED_AVAILABILITY = YES_AGGRESSIVE;
				CLANG_WARN_UNREACHABLE_CODE = YES;
				CLANG_WARN__DUPLICATE_METHOD_MATCH = YES;
				COPY_PHASE_STRIP = NO;
				DEBUG_INFORMATION_FORMAT = "dwarf-with-dsym";
				ENABLE_NS_ASSERTIONS = NO;
				ENABLE_STRICT_OBJC_MSGSEND = YES;
				ENABLE_USER_SCRIPT_SANDBOXING = YES;
				GCC_C_LANGUAGE_STANDARD = gnu17;
				GCC_NO_COMMON_BLOCKS = YES;
				GCC_WARN_64_TO_32_BIT_CONVERSION = YES;
				GCC_WARN_ABOUT_RETURN_TYPE = YES_ERROR;
				GCC_WARN_UNDECLARED_SELECTOR = YES;
				GCC_WARN_UNINITIALIZED_AUTOS = YES_AGGRESSIVE;
				GCC_WARN_UNUSED_FUNCTION = YES;
				GCC_WARN_UNUSED_VARIABLE = YES;
				IPHONEOS_DEPLOYMENT_TARGET = 17.0;
				LOCALIZATION_PREFERS_STRING_CATALOGS = YES;
				MTL_ENABLE_DEBUG_INFO = NO;
				MTL_FAST_MATH = YES;
				SDKROOT = iphoneos;
				SWIFT_COMPILATION_MODE = wholemodule;
				VALIDATE_PRODUCT = YES;
			};
			name = Release;
		};
		D1848BCE2AE8293C000433DE /* Debug */ = {
			isa = XCBuildConfiguration;
			buildSettings = {
				ASSETCATALOG_COMPILER_APPICON_NAME = AppIcon;
				ASSETCATALOG_COMPILER_GLOBAL_ACCENT_COLOR_NAME = AccentColor;
				CODE_SIGN_STYLE = Automatic;
				CURRENT_PROJECT_VERSION = 1;
				DEVELOPMENT_ASSET_PATHS = "\"FirebaseDemo/Preview Content\"";
				ENABLE_PREVIEWS = YES;
				GENERATE_INFOPLIST_FILE = YES;
				INFOPLIST_KEY_UIApplicationSceneManifest_Generation = YES;
				INFOPLIST_KEY_UIApplicationSupportsIndirectInputEvents = YES;
				INFOPLIST_KEY_UILaunchScreen_Generation = YES;
				INFOPLIST_KEY_UISupportedInterfaceOrientations_iPad = "UIInterfaceOrientationPortrait UIInterfaceOrientationPortraitUpsideDown UIInterfaceOrientationLandscapeLeft UIInterfaceOrientationLandscapeRight";
				INFOPLIST_KEY_UISupportedInterfaceOrientations_iPhone = "UIInterfaceOrientationPortrait UIInterfaceOrientationLandscapeLeft UIInterfaceOrientationLandscapeRight";
				LD_RUNPATH_SEARCH_PATHS = (
					"$(inherited)",
					"@executable_path/Frameworks",
				);
				MARKETING_VERSION = 1.0;
				PRODUCT_BUNDLE_IDENTIFIER = "-7443.FirebaseDemo";
				PRODUCT_NAME = "$(TARGET_NAME)";
				SWIFT_EMIT_LOC_STRINGS = YES;
				SWIFT_VERSION = 5.0;
				TARGETED_DEVICE_FAMILY = "1,2";
			};
			name = Debug;
		};
		D1848BCF2AE8293C000433DE /* Release */ = {
			isa = XCBuildConfiguration;
			buildSettings = {
				ASSETCATALOG_COMPILER_APPICON_NAME = AppIcon;
				ASSETCATALOG_COMPILER_GLOBAL_ACCENT_COLOR_NAME = AccentColor;
				CODE_SIGN_STYLE = Automatic;
				CURRENT_PROJECT_VERSION = 1;
				DEVELOPMENT_ASSET_PATHS = "\"FirebaseDemo/Preview Content\"";
				ENABLE_PREVIEWS = YES;
				GENERATE_INFOPLIST_FILE = YES;
				INFOPLIST_KEY_UIApplicationSceneManifest_Generation = YES;
				INFOPLIST_KEY_UIApplicationSupportsIndirectInputEvents = YES;
				INFOPLIST_KEY_UILaunchScreen_Generation = YES;
				INFOPLIST_KEY_UISupportedInterfaceOrientations_iPad = "UIInterfaceOrientationPortrait UIInterfaceOrientationPortraitUpsideDown UIInterfaceOrientationLandscapeLeft UIInterfaceOrientationLandscapeRight";
				INFOPLIST_KEY_UISupportedInterfaceOrientations_iPhone = "UIInterfaceOrientationPortrait UIInterfaceOrientationLandscapeLeft UIInterfaceOrientationLandscapeRight";
				LD_RUNPATH_SEARCH_PATHS = (
					"$(inherited)",
					"@executable_path/Frameworks",
				);
				MARKETING_VERSION = 1.0;
				PRODUCT_BUNDLE_IDENTIFIER = "-7443.FirebaseDemo";
				PRODUCT_NAME = "$(TARGET_NAME)";
				SWIFT_EMIT_LOC_STRINGS = YES;
				SWIFT_VERSION = 5.0;
				TARGETED_DEVICE_FAMILY = "1,2";
			};
			name = Release;
		};
/* End XCBuildConfiguration section */

/* Begin XCConfigurationList section */
		D1848BBA2AE82934000433DE /* Build configuration list for PBXProject "FirebaseDemo" */ = {
			isa = XCConfigurationList;
			buildConfigurations = (
				D1848BCB2AE8293C000433DE /* Debug */,
				D1848BCC2AE8293C000433DE /* Release */,
			);
			defaultConfigurationIsVisible = 0;
			defaultConfigurationName = Release;
		};
		D1848BCD2AE8293C000433DE /* Build configuration list for PBXNativeTarget "FirebaseDemo" */ = {
			isa = XCConfigurationList;
			buildConfigurations = (
				D1848BCE2AE8293C000433DE /* Debug */,
				D1848BCF2AE8293C000433DE /* Release */,
			);
			defaultConfigurationIsVisible = 0;
			defaultConfigurationName = Release;
		};
/* End XCConfigurationList section */

/* Begin XCRemoteSwiftPackageReference section */
		D1848BD32AE82A3A000433DE /* XCRemoteSwiftPackageReference "firebase-ios-sdk" */ = {
			isa = XCRemoteSwiftPackageReference;
			repositoryURL = "https://github.com/firebase/firebase-ios-sdk.git";
			requirement = {
				kind = upToNextMajorVersion;
				minimumVersion = 10.16.0;
			};
		};
/* End XCRemoteSwiftPackageReference section */

/* Begin XCSwiftPackageProductDependency section */
		D1848BD42AE82A3A000433DE /* FirebaseAnalytics */ = {
			isa = XCSwiftPackageProductDependency;
			package = D1848BD32AE82A3A000433DE /* XCRemoteSwiftPackageReference "firebase-ios-sdk" */;
			productName = FirebaseAnalytics;
		};
		D1848BD62AE82A3A000433DE /* FirebaseAnalyticsOnDeviceConversion */ = {
			isa = XCSwiftPackageProductDependency;
			package = D1848BD32AE82A3A000433DE /* XCRemoteSwiftPackageReference "firebase-ios-sdk" */;
			productName = FirebaseAnalyticsOnDeviceConversion;
		};
		D1848BD82AE82A3A000433DE /* FirebaseAnalyticsSwift */ = {
			isa = XCSwiftPackageProductDependency;
			package = D1848BD32AE82A3A000433DE /* XCRemoteSwiftPackageReference "firebase-ios-sdk" */;
			productName = FirebaseAnalyticsSwift;
		};
		D1848BDA2AE82A3A000433DE /* FirebaseAnalyticsWithoutAdIdSupport */ = {
			isa = XCSwiftPackageProductDependency;
			package = D1848BD32AE82A3A000433DE /* XCRemoteSwiftPackageReference "firebase-ios-sdk" */;
			productName = FirebaseAnalyticsWithoutAdIdSupport;
		};
		D1848BDC2AE82A3A000433DE /* FirebaseAppCheck */ = {
			isa = XCSwiftPackageProductDependency;
			package = D1848BD32AE82A3A000433DE /* XCRemoteSwiftPackageReference "firebase-ios-sdk" */;
			productName = FirebaseAppCheck;
		};
		D1848BDE2AE82A3A000433DE /* FirebaseAppDistribution-Beta */ = {
			isa = XCSwiftPackageProductDependency;
			package = D1848BD32AE82A3A000433DE /* XCRemoteSwiftPackageReference "firebase-ios-sdk" */;
			productName = "FirebaseAppDistribution-Beta";
		};
		D1848BE02AE82A3A000433DE /* FirebaseAuth */ = {
			isa = XCSwiftPackageProductDependency;
			package = D1848BD32AE82A3A000433DE /* XCRemoteSwiftPackageReference "firebase-ios-sdk" */;
			productName = FirebaseAuth;
		};
		D1848BE22AE82A3A000433DE /* FirebaseAuthCombine-Community */ = {
			isa = XCSwiftPackageProductDependency;
			package = D1848BD32AE82A3A000433DE /* XCRemoteSwiftPackageReference "firebase-ios-sdk" */;
			productName = "FirebaseAuthCombine-Community";
		};
		D1848BE42AE82A3A000433DE /* FirebaseCrashlytics */ = {
			isa = XCSwiftPackageProductDependency;
			package = D1848BD32AE82A3A000433DE /* XCRemoteSwiftPackageReference "firebase-ios-sdk" */;
			productName = FirebaseCrashlytics;
		};
		D1848BE62AE82A3A000433DE /* FirebaseDatabase */ = {
			isa = XCSwiftPackageProductDependency;
			package = D1848BD32AE82A3A000433DE /* XCRemoteSwiftPackageReference "firebase-ios-sdk" */;
			productName = FirebaseDatabase;
		};
		D1848BE82AE82A3A000433DE /* FirebaseDatabaseSwift */ = {
			isa = XCSwiftPackageProductDependency;
			package = D1848BD32AE82A3A000433DE /* XCRemoteSwiftPackageReference "firebase-ios-sdk" */;
			productName = FirebaseDatabaseSwift;
		};
		D1848BEA2AE82A3A000433DE /* FirebaseDynamicLinks */ = {
			isa = XCSwiftPackageProductDependency;
			package = D1848BD32AE82A3A000433DE /* XCRemoteSwiftPackageReference "firebase-ios-sdk" */;
			productName = FirebaseDynamicLinks;
		};
		D1848BEC2AE82A3A000433DE /* FirebaseFirestore */ = {
			isa = XCSwiftPackageProductDependency;
			package = D1848BD32AE82A3A000433DE /* XCRemoteSwiftPackageReference "firebase-ios-sdk" */;
			productName = FirebaseFirestore;
		};
		D1848BEE2AE82A3A000433DE /* FirebaseFirestoreCombine-Community */ = {
			isa = XCSwiftPackageProductDependency;
			package = D1848BD32AE82A3A000433DE /* XCRemoteSwiftPackageReference "firebase-ios-sdk" */;
			productName = "FirebaseFirestoreCombine-Community";
		};
		D1848BF02AE82A3A000433DE /* FirebaseFirestoreSwift */ = {
			isa = XCSwiftPackageProductDependency;
			package = D1848BD32AE82A3A000433DE /* XCRemoteSwiftPackageReference "firebase-ios-sdk" */;
			productName = FirebaseFirestoreSwift;
		};
		D1848BF22AE82A3A000433DE /* FirebaseFunctions */ = {
			isa = XCSwiftPackageProductDependency;
			package = D1848BD32AE82A3A000433DE /* XCRemoteSwiftPackageReference "firebase-ios-sdk" */;
			productName = FirebaseFunctions;
		};
		D1848BF42AE82A3A000433DE /* FirebaseFunctionsCombine-Community */ = {
			isa = XCSwiftPackageProductDependency;
			package = D1848BD32AE82A3A000433DE /* XCRemoteSwiftPackageReference "firebase-ios-sdk" */;
			productName = "FirebaseFunctionsCombine-Community";
		};
		D1848BF62AE82A3A000433DE /* FirebaseInAppMessaging-Beta */ = {
			isa = XCSwiftPackageProductDependency;
			package = D1848BD32AE82A3A000433DE /* XCRemoteSwiftPackageReference "firebase-ios-sdk" */;
			productName = "FirebaseInAppMessaging-Beta";
		};
		D1848BF82AE82A3A000433DE /* FirebaseInAppMessagingSwift-Beta */ = {
			isa = XCSwiftPackageProductDependency;
			package = D1848BD32AE82A3A000433DE /* XCRemoteSwiftPackageReference "firebase-ios-sdk" */;
			productName = "FirebaseInAppMessagingSwift-Beta";
		};
		D1848BFA2AE82A3A000433DE /* FirebaseInstallations */ = {
			isa = XCSwiftPackageProductDependency;
			package = D1848BD32AE82A3A000433DE /* XCRemoteSwiftPackageReference "firebase-ios-sdk" */;
			productName = FirebaseInstallations;
		};
		D1848BFC2AE82A3A000433DE /* FirebaseMLModelDownloader */ = {
			isa = XCSwiftPackageProductDependency;
			package = D1848BD32AE82A3A000433DE /* XCRemoteSwiftPackageReference "firebase-ios-sdk" */;
			productName = FirebaseMLModelDownloader;
		};
		D1848BFE2AE82A3A000433DE /* FirebaseMessaging */ = {
			isa = XCSwiftPackageProductDependency;
			package = D1848BD32AE82A3A000433DE /* XCRemoteSwiftPackageReference "firebase-ios-sdk" */;
			productName = FirebaseMessaging;
		};
		D1848C002AE82A3A000433DE /* FirebasePerformance */ = {
			isa = XCSwiftPackageProductDependency;
			package = D1848BD32AE82A3A000433DE /* XCRemoteSwiftPackageReference "firebase-ios-sdk" */;
			productName = FirebasePerformance;
		};
		D1848C022AE82A3A000433DE /* FirebaseRemoteConfig */ = {
			isa = XCSwiftPackageProductDependency;
			package = D1848BD32AE82A3A000433DE /* XCRemoteSwiftPackageReference "firebase-ios-sdk" */;
			productName = FirebaseRemoteConfig;
		};
		D1848C042AE82A3A000433DE /* FirebaseRemoteConfigSwift */ = {
			isa = XCSwiftPackageProductDependency;
			package = D1848BD32AE82A3A000433DE /* XCRemoteSwiftPackageReference "firebase-ios-sdk" */;
			productName = FirebaseRemoteConfigSwift;
		};
		D1848C062AE82A3A000433DE /* FirebaseStorage */ = {
			isa = XCSwiftPackageProductDependency;
			package = D1848BD32AE82A3A000433DE /* XCRemoteSwiftPackageReference "firebase-ios-sdk" */;
			productName = FirebaseStorage;
		};
		D1848C082AE82A3A000433DE /* FirebaseStorageCombine-Community */ = {
			isa = XCSwiftPackageProductDependency;
			package = D1848BD32AE82A3A000433DE /* XCRemoteSwiftPackageReference "firebase-ios-sdk" */;
			productName = "FirebaseStorageCombine-Community";
		};
/* End XCSwiftPackageProductDependency section */
	};
	rootObject = D1848BB72AE82934000433DE /* Project object */;
}
